
Microsoft Visual Studio Solution File, Format Version 12.00
# Visual Studio Version 16
VisualStudioVersion = 16.0.34031.81
MinimumVisualStudioVersion = 10.0.40219.1
Project("{FAE04EC0-301F-11D3-BF4B-00C04F79EFBC}") = "BT2", "BT2\BT2.csproj", "{D5A8F6B3-3ED9-4CDF-B38B-E4015DF3ED7C}"
EndProject
Project("{FAE04EC0-301F-11D3-BF4B-00C04F79EFBC}") = "BT3.1", "BT3.1\BT3.1.csproj", "{96F6CB0A-DD86-4393-B2E4-5574B363AD75}"
EndProject
Project("{FAE04EC0-301F-11D3-BF4B-00C04F79EFBC}") = "BT1", "BT1\BT1.csproj", "{0BDAE8B4-2003-47FB-B775-17114EABEA05}"
EndProject
Global
	GlobalSection(SolutionConfigurationPlatforms) = preSolution
		Debug|Any CPU = Debug|Any CPU
		Release|Any CPU = Release|Any CPU
	EndGlobalSection
	GlobalSection(ProjectConfigurationPlatforms) = postSolution
		{D5A8F6B3-3ED9-4CDF-B38B-E4015DF3ED7C}.Debug|Any CPU.ActiveCfg = Debug|Any CPU
		{D5A8F6B3-3ED9-4CDF-B38B-E4015DF3ED7C}.Debug|Any CPU.Build.0 = Debug|Any CPU
		{D5A8F6B3-3ED9-4CDF-B38B-E4015DF3ED7C}.Release|Any CPU.ActiveCfg = Release|Any CPU
		{D5A8F6B3-3ED9-4CDF-B38B-E4015DF3ED7C}.Release|Any CPU.Build.0 = Release|Any CPU
		{96F6CB0A-DD86-4393-B2E4-5574B363AD75}.Debug|Any CPU.ActiveCfg = Debug|Any CPU
		{96F6CB0A-DD86-4393-B2E4-5574B363AD75}.Debug|Any CPU.Build.0 = Debug|Any CPU
		{96F6CB0A-DD86-4393-B2E4-5574B363AD75}.Release|Any CPU.ActiveCfg = Release|Any CPU
		{96F6CB0A-DD86-4393-B2E4-5574B363AD75}.Release|Any CPU.Build.0 = Release|Any CPU
		{0BDAE8B4-2003-47FB-B775-17114EABEA05}.Debug|Any CPU.ActiveCfg = Debug|Any CPU
		{0BDAE8B4-2003-47FB-B775-17114EABEA05}.Debug|Any CPU.Build.0 = Debug|Any CPU
		{0BDAE8B4-2003-47FB-B775-17114EABEA05}.Release|Any CPU.ActiveCfg = Release|Any CPU
		{0BDAE8B4-2003-47FB-B775-17114EABEA05}.Release|Any CPU.Build.0 = Release|Any CPU
	EndGlobalSection
	GlobalSection(SolutionProperties) = preSolution
		HideSolutionNode = FALSE
	EndGlobalSection
	GlobalSection(ExtensibilityGlobals) = postSolution
		SolutionGuid = {3CDFD10B-A7D3-4BF6-92DD-4A7247520F7A}
	EndGlobalSection
EndGlobal
